
Microsoft Visual Studio Solution File, Format Version 12.00
# Visual Studio Version 16
VisualStudioVersion = 16.0.28531.58
MinimumVisualStudioVersion = 10.0.40219.1
Project("{FAE04EC0-301F-11D3-BF4B-00C04F79EFBC}") = "LaYumba", "LaYumba\LaYumba.csproj", "{405B0215-AAFB-4368-AB79-E087D47FB060}"
EndProject
Global
	GlobalSection(SolutionConfigurationPlatforms) = preSolution
		Debug|Any CPU = Debug|Any CPU
		Release|Any CPU = Release|Any CPU
	EndGlobalSection
	GlobalSection(ProjectConfigurationPlatforms) = postSolution
		{405B0215-AAFB-4368-AB79-E087D47FB060}.Debug|Any CPU.ActiveCfg = Debug|Any CPU
		{405B0215-AAFB-4368-AB79-E087D47FB060}.Debug|Any CPU.Build.0 = Debug|Any CPU
		{405B0215-AAFB-4368-AB79-E087D47FB060}.Release|Any CPU.ActiveCfg = Release|Any CPU
		{405B0215-AAFB-4368-AB79-E087D47FB060}.Release|Any CPU.Build.0 = Release|Any CPU
	EndGlobalSection
	GlobalSection(SolutionProperties) = preSolution
		HideSolutionNode = FALSE
	EndGlobalSection
	GlobalSection(ExtensibilityGlobals) = postSolution
		SolutionGuid = {213FEC9A-A771-4487-AE20-030274287C2A}
	EndGlobalSection
EndGlobal
