
Microsoft Visual Studio Solution File, Format Version 12.00
# Visual Studio Version 16
VisualStudioVersion = 16.0.28527.54
MinimumVisualStudioVersion = 10.0.40219.1
Project("{FAE04EC0-301F-11D3-BF4B-00C04F79EFBC}") = "Primitives", "Primitives\Primitives.csproj", "{AC6C2C3C-AC5A-4428-AE07-49862041EA2A}"
EndProject
Global
	GlobalSection(SolutionConfigurationPlatforms) = preSolution
		Debug|Any CPU = Debug|Any CPU
		Release|Any CPU = Release|Any CPU
	EndGlobalSection
	GlobalSection(ProjectConfigurationPlatforms) = postSolution
		{AC6C2C3C-AC5A-4428-AE07-49862041EA2A}.Debug|Any CPU.ActiveCfg = Debug|Any CPU
		{AC6C2C3C-AC5A-4428-AE07-49862041EA2A}.Debug|Any CPU.Build.0 = Debug|Any CPU
		{AC6C2C3C-AC5A-4428-AE07-49862041EA2A}.Release|Any CPU.ActiveCfg = Release|Any CPU
		{AC6C2C3C-AC5A-4428-AE07-49862041EA2A}.Release|Any CPU.Build.0 = Release|Any CPU
	EndGlobalSection
	GlobalSection(SolutionProperties) = preSolution
		HideSolutionNode = FALSE
	EndGlobalSection
	GlobalSection(ExtensibilityGlobals) = postSolution
		SolutionGuid = {28A9B1E2-3D22-4D12-B69B-C7261B0C9C6A}
	EndGlobalSection
EndGlobal
