
Microsoft Visual Studio Solution File, Format Version 12.00
# Visual Studio Version 16
VisualStudioVersion = 16.0.28527.54
MinimumVisualStudioVersion = 10.0.40219.1
Project("{FAE04EC0-301F-11D3-BF4B-00C04F79EFBC}") = "ThreadSafety", "ThreadSafety\ThreadSafety.csproj", "{F34AE470-E55D-41CE-8618-85B16F8DCFED}"
EndProject
Global
	GlobalSection(SolutionConfigurationPlatforms) = preSolution
		Debug|Any CPU = Debug|Any CPU
		Release|Any CPU = Release|Any CPU
	EndGlobalSection
	GlobalSection(ProjectConfigurationPlatforms) = postSolution
		{F34AE470-E55D-41CE-8618-85B16F8DCFED}.Debug|Any CPU.ActiveCfg = Debug|Any CPU
		{F34AE470-E55D-41CE-8618-85B16F8DCFED}.Debug|Any CPU.Build.0 = Debug|Any CPU
		{F34AE470-E55D-41CE-8618-85B16F8DCFED}.Release|Any CPU.ActiveCfg = Release|Any CPU
		{F34AE470-E55D-41CE-8618-85B16F8DCFED}.Release|Any CPU.Build.0 = Release|Any CPU
	EndGlobalSection
	GlobalSection(SolutionProperties) = preSolution
		HideSolutionNode = FALSE
	EndGlobalSection
	GlobalSection(ExtensibilityGlobals) = postSolution
		SolutionGuid = {F95941FE-BAE0-45DE-9424-63912E9948D4}
	EndGlobalSection
EndGlobal
