
Microsoft Visual Studio Solution File, Format Version 12.00
# Visual Studio Version 16
VisualStudioVersion = 16.0.28531.58
MinimumVisualStudioVersion = 10.0.40219.1
Project("{FAE04EC0-301F-11D3-BF4B-00C04F79EFBC}") = "Lab3", "Lab3\Lab3.csproj", "{A2696369-5C16-4198-8D7A-6B313263113D}"
EndProject
Global
	GlobalSection(SolutionConfigurationPlatforms) = preSolution
		Debug|Any CPU = Debug|Any CPU
		Release|Any CPU = Release|Any CPU
	EndGlobalSection
	GlobalSection(ProjectConfigurationPlatforms) = postSolution
		{A2696369-5C16-4198-8D7A-6B313263113D}.Debug|Any CPU.ActiveCfg = Debug|Any CPU
		{A2696369-5C16-4198-8D7A-6B313263113D}.Debug|Any CPU.Build.0 = Debug|Any CPU
		{A2696369-5C16-4198-8D7A-6B313263113D}.Release|Any CPU.ActiveCfg = Release|Any CPU
		{A2696369-5C16-4198-8D7A-6B313263113D}.Release|Any CPU.Build.0 = Release|Any CPU
	EndGlobalSection
	GlobalSection(SolutionProperties) = preSolution
		HideSolutionNode = FALSE
	EndGlobalSection
	GlobalSection(ExtensibilityGlobals) = postSolution
		SolutionGuid = {A4AD8334-56D6-41CE-9C9B-E6154BAFDD8C}
	EndGlobalSection
EndGlobal
