
Microsoft Visual Studio Solution File, Format Version 12.00
# Visual Studio Version 16
VisualStudioVersion = 16.0.28531.58
MinimumVisualStudioVersion = 10.0.40219.1
Project("{FAE04EC0-301F-11D3-BF4B-00C04F79EFBC}") = "UserRegistration", "UserRegistration\UserRegistration.csproj", "{3420058F-74EE-4757-B354-28DBBFE637EA}"
EndProject
Global
	GlobalSection(SolutionConfigurationPlatforms) = preSolution
		Debug|Any CPU = Debug|Any CPU
		Release|Any CPU = Release|Any CPU
	EndGlobalSection
	GlobalSection(ProjectConfigurationPlatforms) = postSolution
		{3420058F-74EE-4757-B354-28DBBFE637EA}.Debug|Any CPU.ActiveCfg = Debug|Any CPU
		{3420058F-74EE-4757-B354-28DBBFE637EA}.Debug|Any CPU.Build.0 = Debug|Any CPU
		{3420058F-74EE-4757-B354-28DBBFE637EA}.Release|Any CPU.ActiveCfg = Release|Any CPU
		{3420058F-74EE-4757-B354-28DBBFE637EA}.Release|Any CPU.Build.0 = Release|Any CPU
	EndGlobalSection
	GlobalSection(SolutionProperties) = preSolution
		HideSolutionNode = FALSE
	EndGlobalSection
	GlobalSection(ExtensibilityGlobals) = postSolution
		SolutionGuid = {BBE2A485-8425-45C0-BB63-E02F90BA79D2}
	EndGlobalSection
EndGlobal
