
Microsoft Visual Studio Solution File, Format Version 12.00
# Visual Studio Version 16
VisualStudioVersion = 16.0.28527.54
MinimumVisualStudioVersion = 10.0.40219.1
Project("{FAE04EC0-301F-11D3-BF4B-00C04F79EFBC}") = "WhyFunctional", "WhyFunctional\WhyFunctional.csproj", "{446E330C-2317-4452-A3B7-D3FAFD802BBE}"
EndProject
Global
	GlobalSection(SolutionConfigurationPlatforms) = preSolution
		Debug|Any CPU = Debug|Any CPU
		Release|Any CPU = Release|Any CPU
	EndGlobalSection
	GlobalSection(ProjectConfigurationPlatforms) = postSolution
		{446E330C-2317-4452-A3B7-D3FAFD802BBE}.Debug|Any CPU.ActiveCfg = Debug|Any CPU
		{446E330C-2317-4452-A3B7-D3FAFD802BBE}.Debug|Any CPU.Build.0 = Debug|Any CPU
		{446E330C-2317-4452-A3B7-D3FAFD802BBE}.Release|Any CPU.ActiveCfg = Release|Any CPU
		{446E330C-2317-4452-A3B7-D3FAFD802BBE}.Release|Any CPU.Build.0 = Release|Any CPU
	EndGlobalSection
	GlobalSection(SolutionProperties) = preSolution
		HideSolutionNode = FALSE
	EndGlobalSection
	GlobalSection(ExtensibilityGlobals) = postSolution
		SolutionGuid = {30E3FB38-1DA4-491B-8744-813028D14510}
	EndGlobalSection
EndGlobal
