
Microsoft Visual Studio Solution File, Format Version 12.00
# Visual Studio Version 16
VisualStudioVersion = 16.0.28527.54
MinimumVisualStudioVersion = 10.0.40219.1
Project("{FAE04EC0-301F-11D3-BF4B-00C04F79EFBC}") = "Arrays", "Arrays\Arrays.csproj", "{6EADDFC8-D9E6-4D33-8C80-41C976A71086}"
EndProject
Global
	GlobalSection(SolutionConfigurationPlatforms) = preSolution
		Debug|Any CPU = Debug|Any CPU
		Release|Any CPU = Release|Any CPU
	EndGlobalSection
	GlobalSection(ProjectConfigurationPlatforms) = postSolution
		{6EADDFC8-D9E6-4D33-8C80-41C976A71086}.Debug|Any CPU.ActiveCfg = Debug|Any CPU
		{6EADDFC8-D9E6-4D33-8C80-41C976A71086}.Debug|Any CPU.Build.0 = Debug|Any CPU
		{6EADDFC8-D9E6-4D33-8C80-41C976A71086}.Release|Any CPU.ActiveCfg = Release|Any CPU
		{6EADDFC8-D9E6-4D33-8C80-41C976A71086}.Release|Any CPU.Build.0 = Release|Any CPU
	EndGlobalSection
	GlobalSection(SolutionProperties) = preSolution
		HideSolutionNode = FALSE
	EndGlobalSection
	GlobalSection(ExtensibilityGlobals) = postSolution
		SolutionGuid = {34D2B9CE-BB7C-4F34-9311-9A49076B473B}
	EndGlobalSection
EndGlobal
