
Microsoft Visual Studio Solution File, Format Version 12.00
# Visual Studio Version 16
VisualStudioVersion = 16.0.28531.58
MinimumVisualStudioVersion = 10.0.40219.1
Project("{FAE04EC0-301F-11D3-BF4B-00C04F79EFBC}") = "EntityFramework", "EntityFramework\EntityFramework.csproj", "{A501FE7A-143E-4F7A-A73C-81F2B6CCF74E}"
EndProject
Global
	GlobalSection(SolutionConfigurationPlatforms) = preSolution
		Debug|Any CPU = Debug|Any CPU
		Release|Any CPU = Release|Any CPU
	EndGlobalSection
	GlobalSection(ProjectConfigurationPlatforms) = postSolution
		{A501FE7A-143E-4F7A-A73C-81F2B6CCF74E}.Debug|Any CPU.ActiveCfg = Debug|Any CPU
		{A501FE7A-143E-4F7A-A73C-81F2B6CCF74E}.Debug|Any CPU.Build.0 = Debug|Any CPU
		{A501FE7A-143E-4F7A-A73C-81F2B6CCF74E}.Release|Any CPU.ActiveCfg = Release|Any CPU
		{A501FE7A-143E-4F7A-A73C-81F2B6CCF74E}.Release|Any CPU.Build.0 = Release|Any CPU
	EndGlobalSection
	GlobalSection(SolutionProperties) = preSolution
		HideSolutionNode = FALSE
	EndGlobalSection
	GlobalSection(ExtensibilityGlobals) = postSolution
		SolutionGuid = {931E4277-ED1E-4B9B-85E0-AE79BAC2C97A}
	EndGlobalSection
EndGlobal
