
Microsoft Visual Studio Solution File, Format Version 12.00
# Visual Studio Version 16
VisualStudioVersion = 16.0.28516.95
MinimumVisualStudioVersion = 10.0.40219.1
Project("{FAE04EC0-301F-11D3-BF4B-00C04F79EFBC}") = "WpfApp1", "WpfApp1\WpfApp1.csproj", "{E6B829E1-0249-49A6-B39F-02D060D97779}"
EndProject
Global
	GlobalSection(SolutionConfigurationPlatforms) = preSolution
		Debug|Any CPU = Debug|Any CPU
		Release|Any CPU = Release|Any CPU
	EndGlobalSection
	GlobalSection(ProjectConfigurationPlatforms) = postSolution
		{E6B829E1-0249-49A6-B39F-02D060D97779}.Debug|Any CPU.ActiveCfg = Debug|Any CPU
		{E6B829E1-0249-49A6-B39F-02D060D97779}.Debug|Any CPU.Build.0 = Debug|Any CPU
		{E6B829E1-0249-49A6-B39F-02D060D97779}.Release|Any CPU.ActiveCfg = Release|Any CPU
		{E6B829E1-0249-49A6-B39F-02D060D97779}.Release|Any CPU.Build.0 = Release|Any CPU
	EndGlobalSection
	GlobalSection(SolutionProperties) = preSolution
		HideSolutionNode = FALSE
	EndGlobalSection
	GlobalSection(ExtensibilityGlobals) = postSolution
		SolutionGuid = {55141345-ADF3-4253-A179-DA42DF77C830}
	EndGlobalSection
EndGlobal
